{
  "version": 4,
  "terraform_version": "1.5.7",
  "serial": 3,
  "lineage": "3f0aff64-4697-1e56-ffd7-3bcc55b9dec9",
  "outputs": {
    "kubernetes_cluster_host": {
      "value": "34.42.170.190",
      "type": "string"
    },
    "kubernetes_cluster_name": {
      "value": "text-image-retrieval-gke",
      "type": "string"
    },
    "project_id": {
      "value": "mlops-on-kubernetes",
      "type": "string"
    },
    "region": {
      "value": "us-central1-f",
      "type": "string"
    }
  },
  "resources": [
    {
      "mode": "managed",
      "type": "google_container_cluster",
      "name": "primary",
      "provider": "provider[\"registry.terraform.io/hashicorp/google\"]",
      "instances": [
        {
          "schema_version": 1,
          "attributes": {
            "addons_config": [
              {
                "cloudrun_config": [],
                "config_connector_config": [],
                "dns_cache_config": [],
                "gce_persistent_disk_csi_driver_config": [
                  {
                    "enabled": true
                  }
                ],
                "gcp_filestore_csi_driver_config": [],
                "gcs_fuse_csi_driver_config": [],
                "gke_backup_agent_config": [],
                "horizontal_pod_autoscaling": [],
                "http_load_balancing": [],
                "network_policy_config": [
                  {
                    "disabled": true
                  }
                ]
              }
            ],
            "allow_net_admin": null,
            "authenticator_groups_config": [],
            "binary_authorization": [
              {
                "enabled": false,
                "evaluation_mode": ""
              }
            ],
            "cluster_autoscaling": [
              {
                "auto_provisioning_defaults": [],
                "enabled": false,
                "resource_limits": []
              }
            ],
            "cluster_ipv4_cidr": "10.4.0.0/14",
            "confidential_nodes": [],
            "cost_management_config": [],
            "database_encryption": [
              {
                "key_name": "",
                "state": "DECRYPTED"
              }
            ],
            "datapath_provider": "",
            "default_max_pods_per_node": null,
            "default_snat_status": [
              {
                "disabled": false
              }
            ],
            "description": "",
            "dns_config": [],
            "enable_autopilot": false,
            "enable_binary_authorization": false,
            "enable_intranode_visibility": false,
            "enable_k8s_beta_apis": [],
            "enable_kubernetes_alpha": false,
            "enable_l4_ilb_subsetting": false,
            "enable_legacy_abac": false,
            "enable_shielded_nodes": true,
            "enable_tpu": false,
            "endpoint": "34.42.170.190",
            "gateway_api_config": [],
            "id": "projects/mlops-on-kubernetes/locations/us-central1-f/clusters/text-image-retrieval-gke",
            "initial_node_count": 1,
            "ip_allocation_policy": [],
            "label_fingerprint": "a9dc16a7",
            "location": "us-central1-f",
            "logging_config": [
              {
                "enable_components": [
                  "SYSTEM_COMPONENTS",
                  "WORKLOADS"
                ]
              }
            ],
            "logging_service": "logging.googleapis.com/kubernetes",
            "maintenance_policy": [],
            "master_auth": [
              {
                "client_certificate": "",
                "client_certificate_config": [
                  {
                    "issue_client_certificate": false
                  }
                ],
                "client_key": "",
                "cluster_ca_certificate": "LS0tLS1CRUdJTiBDRVJUSUZJQ0FURS0tLS0tCk1JSUVMVENDQXBXZ0F3SUJBZ0lSQUxLaEhUU04yTmxwMzJyaHVhT3N1WU13RFFZSktvWklodmNOQVFFTEJRQXcKTHpFdE1Dc0dBMVVFQXhNa05qQm1OV00zTWpBdFpEQXlZaTAwTjJFMExUa3lPRE10WkdNNFlUYzNaalV5T0dSaQpNQ0FYRFRJME1EY3dNVEEyTURJMU1Wb1lEekl3TlRRd05qSTBNRGN3TWpVeFdqQXZNUzB3S3dZRFZRUURFeVEyCk1HWTFZemN5TUMxa01ESmlMVFEzWVRRdE9USTRNeTFrWXpoaE56ZG1OVEk0WkdJd2dnR2lNQTBHQ1NxR1NJYjMKRFFFQkFRVUFBNElCandBd2dnR0tBb0lCZ1FDaHhIMUpqZGRkdHRzNjdrd3VSR3ZOZXBqTlpDWTZZS3ZKcTQ1QgpaVDVsRkdBQUdXU0Z2QVZKSEJXM2ErWlJ2UDRUSWpTb3EwTGhFanh0MHNJSXBpdXhVcHoyTzMzTDZpczlHTzFRCnFockpaTGtBeHhqNVpEb0xUTmJxdTVBcWhhT01QY2JHenlIWDRKQkRmMDJHS2dXQmxPZ29OZ2FsbGVYdDJ5emkKcElxSDBWZHcyYUVuT2orMFZxSm1FTHcvNjd3T0kyZUNKdHVSTldPQ1o1TGdRUEJKUzVWMXhFOFB5endGblFoawo4QU1qalJBRkdzVHhmVSsxcWlNblhueStmTFBybnhyQXlCZzhxUk00Z3VxbGxnY1ROV2xxS1g3elpuU0MvNWNPCjZiM3M4ajJORCsrNlRIWTk3SEVFZXZ2amRsVlU0M083TTRXRU5ndWwyRWpqSnFERXNNaFNMeUN2OXlRN1g4U0sKSzh5TmtMajVnTG9Vd3MxRC9SUnE0ZEpTY1lHQUhsbEdxUitMM1VpMDJMN3RnRUh4S09zSllnNUZHeVV3T0IrUQpTMExCelI1cm9UWmhmZS9XeUZBeGY0VHBRN2VKRFd0SVVwbmg4cHJBSTVPcTQ1bjN1aHQvTGE0YWM0clZrTEtuCmcxdytnQ1pjd3hUK2h1OGdsWGlGYURXL0pCa0NBd0VBQWFOQ01FQXdEZ1lEVlIwUEFRSC9CQVFEQWdJRU1BOEcKQTFVZEV3RUIvd1FGTUFNQkFmOHdIUVlEVlIwT0JCWUVGS0UvR0U4WjFmY1ZzY2k1ZDZrNFVlNFdCSW94TUEwRwpDU3FHU0liM0RRRUJDd1VBQTRJQmdRQlNWQ3ZxU1BSUkY2ZVRpU1BrQ1Z3R2JkNkorNTJtR0dmSS9wc3BBeTFzClFRc2RmZEhLZUZpb0V2QU92WGc5eXFVenFtdlpDZ3h3dlQ5Y0FxcUx2Z3JVY1ZUQ3g0YldwTkc3UHFMTitJT20KNnJCTCtIWjNoenV3NUFIajYzcXMxZHdhRHlMOUN0d0JEYm1HSXJhTUpiT0xYU2lKZllkeHB0VUJ1RE5FcTh6eAorVkJqczBjN1FGSXFyalhEK3ZqK3B6U0lsTEp4ZUVoRHVROEo4OGxLNE9uRlVVREcvcDMvM1pFUWk2ekpPRzA3CjhJVDBjc0ZJZHZlWkx3L000OG9mTVUrNC8yRWREckJZNk5pb2lmZmUwZDNwUzM5VWd2MThES3BFZE0xMkloMFMKckMrejZrL0I0RVA4bm9HcGt4VEoxUVhtVzN4c2FUOGlmWmI0RzNkWkVlU3NzV2FqYVlvT2ZQdUZ4bUE1eFNobQp4L2tUQnA0aW8vZnk1Q1g2cURweDRUY2s0ajErM2FpTnVybWphUlVEbVZBb0o1Uy9Tb1RPaUxvSFBPSEIxTkdKClNPaUZBRHVoRU0xRlFSZldRc1l5ZTVOOGRxR05CWFBQZ3V0a3dYZWVqbkgxeG1ua2pqaStqb2tab0FzbHNERFMKcytOcldNY0lmVGN3NlFFbVBqS2xpWHc9Ci0tLS0tRU5EIENFUlRJRklDQVRFLS0tLS0K"
              }
            ],
            "master_authorized_networks_config": [],
            "master_version": "1.29.4-gke.1043002",
            "mesh_certificates": [],
            "min_master_version": null,
            "monitoring_config": [
              {
                "advanced_datapath_observability_config": [
                  {
                    "enable_metrics": false,
                    "relay_mode": ""
                  }
                ],
                "enable_components": [
                  "SYSTEM_COMPONENTS"
                ],
                "managed_prometheus": [
                  {
                    "enabled": true
                  }
                ]
              }
            ],
            "monitoring_service": "monitoring.googleapis.com/kubernetes",
            "name": "text-image-retrieval-gke",
            "network": "projects/mlops-on-kubernetes/global/networks/default",
            "network_policy": [
              {
                "enabled": false,
                "provider": "PROVIDER_UNSPECIFIED"
              }
            ],
            "networking_mode": "ROUTES",
            "node_config": [],
            "node_locations": [],
            "node_pool": [],
            "node_pool_defaults": [
              {
                "node_config_defaults": [
                  {
                    "logging_variant": "DEFAULT"
                  }
                ]
              }
            ],
            "node_version": "1.29.4-gke.1043002",
            "notification_config": [
              {
                "pubsub": [
                  {
                    "enabled": false,
                    "filter": [],
                    "topic": ""
                  }
                ]
              }
            ],
            "operation": null,
            "private_cluster_config": [
              {
                "enable_private_endpoint": false,
                "enable_private_nodes": false,
                "master_global_access_config": [
                  {
                    "enabled": false
                  }
                ],
                "master_ipv4_cidr_block": "",
                "peering_name": "",
                "private_endpoint": "10.128.0.14",
                "private_endpoint_subnetwork": "",
                "public_endpoint": "34.42.170.190"
              }
            ],
            "private_ipv6_google_access": "",
            "project": "mlops-on-kubernetes",
            "release_channel": [
              {
                "channel": "REGULAR"
              }
            ],
            "remove_default_node_pool": true,
            "resource_labels": null,
            "resource_usage_export_config": [],
            "security_posture_config": [
              {
                "mode": "BASIC",
                "vulnerability_mode": "VULNERABILITY_MODE_UNSPECIFIED"
              }
            ],
            "self_link": "https://container.googleapis.com/v1/projects/mlops-on-kubernetes/zones/us-central1-f/clusters/text-image-retrieval-gke",
            "service_external_ips_config": [
              {
                "enabled": false
              }
            ],
            "services_ipv4_cidr": "10.7.240.0/20",
            "subnetwork": "projects/mlops-on-kubernetes/regions/us-central1/subnetworks/default",
            "timeouts": null,
            "tpu_ipv4_cidr_block": "",
            "vertical_pod_autoscaling": [],
            "workload_identity_config": []
          },
          "sensitive_attributes": [],
          "private": "eyJlMmJmYjczMC1lY2FhLTExZTYtOGY4OC0zNDM2M2JjN2M0YzAiOnsiY3JlYXRlIjoyNDAwMDAwMDAwMDAwLCJkZWxldGUiOjI0MDAwMDAwMDAwMDAsInJlYWQiOjI0MDAwMDAwMDAwMDAsInVwZGF0ZSI6MzYwMDAwMDAwMDAwMH0sInNjaGVtYV92ZXJzaW9uIjoiMSJ9"
        }
      ]
    },
    {
      "mode": "managed",
      "type": "google_container_node_pool",
      "name": "primary_preemptible_nodes",
      "provider": "provider[\"registry.terraform.io/hashicorp/google\"]",
      "instances": [
        {
          "schema_version": 1,
          "attributes": {
            "autoscaling": [],
            "cluster": "text-image-retrieval-gke",
            "id": "projects/mlops-on-kubernetes/locations/us-central1-f/clusters/text-image-retrieval-gke/nodePools/my-node-pool",
            "initial_node_count": 1,
            "instance_group_urls": [
              "https://www.googleapis.com/compute/v1/projects/mlops-on-kubernetes/zones/us-central1-f/instanceGroupManagers/gke-text-image-retrieval-my-node-pool-a9e47a18-grp"
            ],
            "location": "us-central1-f",
            "managed_instance_group_urls": [
              "https://www.googleapis.com/compute/v1/projects/mlops-on-kubernetes/zones/us-central1-f/instanceGroups/gke-text-image-retrieval-my-node-pool-a9e47a18-grp"
            ],
            "management": [
              {
                "auto_repair": true,
                "auto_upgrade": true
              }
            ],
            "max_pods_per_node": null,
            "name": "my-node-pool",
            "name_prefix": "",
            "network_config": [
              {
                "create_pod_range": false,
                "enable_private_nodes": false,
                "pod_cidr_overprovision_config": [],
                "pod_ipv4_cidr_block": "",
                "pod_range": ""
              }
            ],
            "node_config": [
              {
                "advanced_machine_features": [],
                "boot_disk_kms_key": "",
                "disk_size_gb": 100,
                "disk_type": "pd-balanced",
                "ephemeral_storage_local_ssd_config": [],
                "gcfs_config": [],
                "guest_accelerator": [],
                "gvnic": [],
                "host_maintenance_policy": [],
                "image_type": "COS_CONTAINERD",
                "kubelet_config": [],
                "labels": {},
                "linux_node_config": [],
                "local_nvme_ssd_block_config": [],
                "local_ssd_count": 0,
                "logging_variant": "DEFAULT",
                "machine_type": "n2-standard-2",
                "metadata": {
                  "disable-legacy-endpoints": "true"
                },
                "min_cpu_platform": "",
                "node_group": "",
                "oauth_scopes": [
                  "https://www.googleapis.com/auth/devstorage.read_only",
                  "https://www.googleapis.com/auth/logging.write",
                  "https://www.googleapis.com/auth/monitoring",
                  "https://www.googleapis.com/auth/service.management.readonly",
                  "https://www.googleapis.com/auth/servicecontrol",
                  "https://www.googleapis.com/auth/trace.append"
                ],
                "preemptible": true,
                "reservation_affinity": [],
                "resource_labels": null,
                "service_account": "default",
                "shielded_instance_config": [
                  {
                    "enable_integrity_monitoring": true,
                    "enable_secure_boot": false
                  }
                ],
                "sole_tenant_config": [],
                "spot": false,
                "tags": null,
                "taint": [],
                "workload_metadata_config": []
              }
            ],
            "node_count": 1,
            "node_locations": [
              "us-central1-f"
            ],
            "operation": null,
            "placement_policy": [],
            "project": "mlops-on-kubernetes",
            "timeouts": null,
            "upgrade_settings": [
              {
                "blue_green_settings": [],
                "max_surge": 1,
                "max_unavailable": 0,
                "strategy": "SURGE"
              }
            ],
            "version": "1.29.4-gke.1043002"
          },
          "sensitive_attributes": [],
          "private": "eyJlMmJmYjczMC1lY2FhLTExZTYtOGY4OC0zNDM2M2JjN2M0YzAiOnsiY3JlYXRlIjoxODAwMDAwMDAwMDAwLCJkZWxldGUiOjE4MDAwMDAwMDAwMDAsInVwZGF0ZSI6MTgwMDAwMDAwMDAwMH0sInNjaGVtYV92ZXJzaW9uIjoiMSJ9",
          "dependencies": [
            "google_container_cluster.primary"
          ]
        }
      ]
    }
  ],
  "check_results": null
}
